
Microsoft Visual Studio Solution File, Format Version 12.00
# Visual Studio 15
VisualStudioVersion = 15.0.28010.2003
MinimumVisualStudioVersion = 10.0.40219.1
Project("{FAE04EC0-301F-11D3-BF4B-00C04F79EFBC}") = "Sake.Android", "Sake\Sake.Android\Sake.Android.csproj", "{F7B253AD-0005-4B5A-B7F6-BB1C96D7CCCA}"
EndProject
Project("{FAE04EC0-301F-11D3-BF4B-00C04F79EFBC}") = "Sake.iOS", "Sake\Sake.iOS\Sake.iOS.csproj", "{AC37EE76-28A6-4D41-942B-5E43776A8006}"
EndProject
Project("{9A19103F-16F7-4668-BE54-9A1E7A4F7556}") = "Sake", "Sake\Sake\Sake.csproj", "{99150BBB-4C3A-484C-AF8A-EE4A1A8D70A5}"
EndProject
Project("{FAE04EC0-301F-11D3-BF4B-00C04F79EFBC}") = "Sake.backend", "Sake.backend\Sake.backend.csproj", "{72A98DF2-BDEB-4AD4-848A-D572852FA694}"
EndProject
Global
	GlobalSection(SolutionConfigurationPlatforms) = preSolution
		Ad-Hoc|Any CPU = Ad-Hoc|Any CPU
		Ad-Hoc|iPhone = Ad-Hoc|iPhone
		Ad-Hoc|iPhoneSimulator = Ad-Hoc|iPhoneSimulator
		AppStore|Any CPU = AppStore|Any CPU
		AppStore|iPhone = AppStore|iPhone
		AppStore|iPhoneSimulator = AppStore|iPhoneSimulator
		Debug|Any CPU = Debug|Any CPU
		Debug|iPhone = Debug|iPhone
		Debug|iPhoneSimulator = Debug|iPhoneSimulator
		Release|Any CPU = Release|Any CPU
		Release|iPhone = Release|iPhone
		Release|iPhoneSimulator = Release|iPhoneSimulator
	EndGlobalSection
	GlobalSection(ProjectConfigurationPlatforms) = postSolution
		{F7B253AD-0005-4B5A-B7F6-BB1C96D7CCCA}.Ad-Hoc|Any CPU.ActiveCfg = Release|Any CPU
		{F7B253AD-0005-4B5A-B7F6-BB1C96D7CCCA}.Ad-Hoc|Any CPU.Build.0 = Release|Any CPU
		{F7B253AD-0005-4B5A-B7F6-BB1C96D7CCCA}.Ad-Hoc|Any CPU.Deploy.0 = Release|Any CPU
		{F7B253AD-0005-4B5A-B7F6-BB1C96D7CCCA}.Ad-Hoc|iPhone.ActiveCfg = Release|Any CPU
		{F7B253AD-0005-4B5A-B7F6-BB1C96D7CCCA}.Ad-Hoc|iPhone.Build.0 = Release|Any CPU
		{F7B253AD-0005-4B5A-B7F6-BB1C96D7CCCA}.Ad-Hoc|iPhone.Deploy.0 = Release|Any CPU
		{F7B253AD-0005-4B5A-B7F6-BB1C96D7CCCA}.Ad-Hoc|iPhoneSimulator.ActiveCfg = Release|Any CPU
		{F7B253AD-0005-4B5A-B7F6-BB1C96D7CCCA}.Ad-Hoc|iPhoneSimulator.Build.0 = Release|Any CPU
		{F7B253AD-0005-4B5A-B7F6-BB1C96D7CCCA}.Ad-Hoc|iPhoneSimulator.Deploy.0 = Release|Any CPU
		{F7B253AD-0005-4B5A-B7F6-BB1C96D7CCCA}.AppStore|Any CPU.ActiveCfg = Release|Any CPU
		{F7B253AD-0005-4B5A-B7F6-BB1C96D7CCCA}.AppStore|Any CPU.Build.0 = Release|Any CPU
		{F7B253AD-0005-4B5A-B7F6-BB1C96D7CCCA}.AppStore|Any CPU.Deploy.0 = Release|Any CPU
		{F7B253AD-0005-4B5A-B7F6-BB1C96D7CCCA}.AppStore|iPhone.ActiveCfg = Release|Any CPU
		{F7B253AD-0005-4B5A-B7F6-BB1C96D7CCCA}.AppStore|iPhone.Build.0 = Release|Any CPU
		{F7B253AD-0005-4B5A-B7F6-BB1C96D7CCCA}.AppStore|iPhone.Deploy.0 = Release|Any CPU
		{F7B253AD-0005-4B5A-B7F6-BB1C96D7CCCA}.AppStore|iPhoneSimulator.ActiveCfg = Release|Any CPU
		{F7B253AD-0005-4B5A-B7F6-BB1C96D7CCCA}.AppStore|iPhoneSimulator.Build.0 = Release|Any CPU
		{F7B253AD-0005-4B5A-B7F6-BB1C96D7CCCA}.AppStore|iPhoneSimulator.Deploy.0 = Release|Any CPU
		{F7B253AD-0005-4B5A-B7F6-BB1C96D7CCCA}.Debug|Any CPU.ActiveCfg = Debug|Any CPU
		{F7B253AD-0005-4B5A-B7F6-BB1C96D7CCCA}.Debug|Any CPU.Build.0 = Debug|Any CPU
		{F7B253AD-0005-4B5A-B7F6-BB1C96D7CCCA}.Debug|Any CPU.Deploy.0 = Debug|Any CPU
		{F7B253AD-0005-4B5A-B7F6-BB1C96D7CCCA}.Debug|iPhone.ActiveCfg = Debug|Any CPU
		{F7B253AD-0005-4B5A-B7F6-BB1C96D7CCCA}.Debug|iPhone.Build.0 = Debug|Any CPU
		{F7B253AD-0005-4B5A-B7F6-BB1C96D7CCCA}.Debug|iPhone.Deploy.0 = Debug|Any CPU
		{F7B253AD-0005-4B5A-B7F6-BB1C96D7CCCA}.Debug|iPhoneSimulator.ActiveCfg = Debug|Any CPU
		{F7B253AD-0005-4B5A-B7F6-BB1C96D7CCCA}.Debug|iPhoneSimulator.Build.0 = Debug|Any CPU
		{F7B253AD-0005-4B5A-B7F6-BB1C96D7CCCA}.Debug|iPhoneSimulator.Deploy.0 = Debug|Any CPU
		{F7B253AD-0005-4B5A-B7F6-BB1C96D7CCCA}.Release|Any CPU.ActiveCfg = Release|Any CPU
		{F7B253AD-0005-4B5A-B7F6-BB1C96D7CCCA}.Release|Any CPU.Build.0 = Release|Any CPU
		{F7B253AD-0005-4B5A-B7F6-BB1C96D7CCCA}.Release|Any CPU.Deploy.0 = Release|Any CPU
		{F7B253AD-0005-4B5A-B7F6-BB1C96D7CCCA}.Release|iPhone.ActiveCfg = Release|Any CPU
		{F7B253AD-0005-4B5A-B7F6-BB1C96D7CCCA}.Release|iPhone.Build.0 = Release|Any CPU
		{F7B253AD-0005-4B5A-B7F6-BB1C96D7CCCA}.Release|iPhone.Deploy.0 = Release|Any CPU
		{F7B253AD-0005-4B5A-B7F6-BB1C96D7CCCA}.Release|iPhoneSimulator.ActiveCfg = Release|Any CPU
		{F7B253AD-0005-4B5A-B7F6-BB1C96D7CCCA}.Release|iPhoneSimulator.Build.0 = Release|Any CPU
		{F7B253AD-0005-4B5A-B7F6-BB1C96D7CCCA}.Release|iPhoneSimulator.Deploy.0 = Release|Any CPU
		{AC37EE76-28A6-4D41-942B-5E43776A8006}.Ad-Hoc|Any CPU.ActiveCfg = Ad-Hoc|iPhone
		{AC37EE76-28A6-4D41-942B-5E43776A8006}.Ad-Hoc|Any CPU.Build.0 = Ad-Hoc|iPhone
		{AC37EE76-28A6-4D41-942B-5E43776A8006}.Ad-Hoc|Any CPU.Deploy.0 = Ad-Hoc|iPhone
		{AC37EE76-28A6-4D41-942B-5E43776A8006}.Ad-Hoc|iPhone.ActiveCfg = Ad-Hoc|iPhone
		{AC37EE76-28A6-4D41-942B-5E43776A8006}.Ad-Hoc|iPhone.Build.0 = Ad-Hoc|iPhone
		{AC37EE76-28A6-4D41-942B-5E43776A8006}.Ad-Hoc|iPhone.Deploy.0 = Ad-Hoc|iPhone
		{AC37EE76-28A6-4D41-942B-5E43776A8006}.Ad-Hoc|iPhoneSimulator.ActiveCfg = Ad-Hoc|iPhoneSimulator
		{AC37EE76-28A6-4D41-942B-5E43776A8006}.Ad-Hoc|iPhoneSimulator.Build.0 = Ad-Hoc|iPhoneSimulator
		{AC37EE76-28A6-4D41-942B-5E43776A8006}.Ad-Hoc|iPhoneSimulator.Deploy.0 = Ad-Hoc|iPhoneSimulator
		{AC37EE76-28A6-4D41-942B-5E43776A8006}.AppStore|Any CPU.ActiveCfg = AppStore|iPhone
		{AC37EE76-28A6-4D41-942B-5E43776A8006}.AppStore|Any CPU.Build.0 = AppStore|iPhone
		{AC37EE76-28A6-4D41-942B-5E43776A8006}.AppStore|Any CPU.Deploy.0 = AppStore|iPhone
		{AC37EE76-28A6-4D41-942B-5E43776A8006}.AppStore|iPhone.ActiveCfg = AppStore|iPhone
		{AC37EE76-28A6-4D41-942B-5E43776A8006}.AppStore|iPhone.Build.0 = AppStore|iPhone
		{AC37EE76-28A6-4D41-942B-5E43776A8006}.AppStore|iPhone.Deploy.0 = AppStore|iPhone
		{AC37EE76-28A6-4D41-942B-5E43776A8006}.AppStore|iPhoneSimulator.ActiveCfg = AppStore|iPhoneSimulator
		{AC37EE76-28A6-4D41-942B-5E43776A8006}.AppStore|iPhoneSimulator.Build.0 = AppStore|iPhoneSimulator
		{AC37EE76-28A6-4D41-942B-5E43776A8006}.AppStore|iPhoneSimulator.Deploy.0 = AppStore|iPhoneSimulator
		{AC37EE76-28A6-4D41-942B-5E43776A8006}.Debug|Any CPU.ActiveCfg = Debug|iPhoneSimulator
		{AC37EE76-28A6-4D41-942B-5E43776A8006}.Debug|Any CPU.Build.0 = Debug|iPhoneSimulator
		{AC37EE76-28A6-4D41-942B-5E43776A8006}.Debug|Any CPU.Deploy.0 = Debug|iPhoneSimulator
		{AC37EE76-28A6-4D41-942B-5E43776A8006}.Debug|iPhone.ActiveCfg = Debug|iPhone
		{AC37EE76-28A6-4D41-942B-5E43776A8006}.Debug|iPhone.Build.0 = Debug|iPhone
		{AC37EE76-28A6-4D41-942B-5E43776A8006}.Debug|iPhone.Deploy.0 = Debug|iPhone
		{AC37EE76-28A6-4D41-942B-5E43776A8006}.Debug|iPhoneSimulator.ActiveCfg = Debug|iPhoneSimulator
		{AC37EE76-28A6-4D41-942B-5E43776A8006}.Debug|iPhoneSimulator.Build.0 = Debug|iPhoneSimulator
		{AC37EE76-28A6-4D41-942B-5E43776A8006}.Debug|iPhoneSimulator.Deploy.0 = Debug|iPhoneSimulator
		{AC37EE76-28A6-4D41-942B-5E43776A8006}.Release|Any CPU.ActiveCfg = Release|iPhone
		{AC37EE76-28A6-4D41-942B-5E43776A8006}.Release|Any CPU.Build.0 = Release|iPhone
		{AC37EE76-28A6-4D41-942B-5E43776A8006}.Release|Any CPU.Deploy.0 = Release|iPhone
		{AC37EE76-28A6-4D41-942B-5E43776A8006}.Release|iPhone.ActiveCfg = Release|iPhone
		{AC37EE76-28A6-4D41-942B-5E43776A8006}.Release|iPhone.Build.0 = Release|iPhone
		{AC37EE76-28A6-4D41-942B-5E43776A8006}.Release|iPhone.Deploy.0 = Release|iPhone
		{AC37EE76-28A6-4D41-942B-5E43776A8006}.Release|iPhoneSimulator.ActiveCfg = Release|iPhoneSimulator
		{AC37EE76-28A6-4D41-942B-5E43776A8006}.Release|iPhoneSimulator.Build.0 = Release|iPhoneSimulator
		{AC37EE76-28A6-4D41-942B-5E43776A8006}.Release|iPhoneSimulator.Deploy.0 = Release|iPhoneSimulator
		{99150BBB-4C3A-484C-AF8A-EE4A1A8D70A5}.Ad-Hoc|Any CPU.ActiveCfg = Debug|Any CPU
		{99150BBB-4C3A-484C-AF8A-EE4A1A8D70A5}.Ad-Hoc|Any CPU.Build.0 = Debug|Any CPU
		{99150BBB-4C3A-484C-AF8A-EE4A1A8D70A5}.Ad-Hoc|Any CPU.Deploy.0 = Debug|Any CPU
		{99150BBB-4C3A-484C-AF8A-EE4A1A8D70A5}.Ad-Hoc|iPhone.ActiveCfg = Debug|Any CPU
		{99150BBB-4C3A-484C-AF8A-EE4A1A8D70A5}.Ad-Hoc|iPhone.Build.0 = Debug|Any CPU
		{99150BBB-4C3A-484C-AF8A-EE4A1A8D70A5}.Ad-Hoc|iPhone.Deploy.0 = Debug|Any CPU
		{99150BBB-4C3A-484C-AF8A-EE4A1A8D70A5}.Ad-Hoc|iPhoneSimulator.ActiveCfg = Debug|Any CPU
		{99150BBB-4C3A-484C-AF8A-EE4A1A8D70A5}.Ad-Hoc|iPhoneSimulator.Build.0 = Debug|Any CPU
		{99150BBB-4C3A-484C-AF8A-EE4A1A8D70A5}.Ad-Hoc|iPhoneSimulator.Deploy.0 = Debug|Any CPU
		{99150BBB-4C3A-484C-AF8A-EE4A1A8D70A5}.AppStore|Any CPU.ActiveCfg = Debug|Any CPU
		{99150BBB-4C3A-484C-AF8A-EE4A1A8D70A5}.AppStore|Any CPU.Build.0 = Debug|Any CPU
		{99150BBB-4C3A-484C-AF8A-EE4A1A8D70A5}.AppStore|Any CPU.Deploy.0 = Debug|Any CPU
		{99150BBB-4C3A-484C-AF8A-EE4A1A8D70A5}.AppStore|iPhone.ActiveCfg = Debug|Any CPU
		{99150BBB-4C3A-484C-AF8A-EE4A1A8D70A5}.AppStore|iPhone.Build.0 = Debug|Any CPU
		{99150BBB-4C3A-484C-AF8A-EE4A1A8D70A5}.AppStore|iPhone.Deploy.0 = Debug|Any CPU
		{99150BBB-4C3A-484C-AF8A-EE4A1A8D70A5}.AppStore|iPhoneSimulator.ActiveCfg = Debug|Any CPU
		{99150BBB-4C3A-484C-AF8A-EE4A1A8D70A5}.AppStore|iPhoneSimulator.Build.0 = Debug|Any CPU
		{99150BBB-4C3A-484C-AF8A-EE4A1A8D70A5}.AppStore|iPhoneSimulator.Deploy.0 = Debug|Any CPU
		{99150BBB-4C3A-484C-AF8A-EE4A1A8D70A5}.Debug|Any CPU.ActiveCfg = Debug|Any CPU
		{99150BBB-4C3A-484C-AF8A-EE4A1A8D70A5}.Debug|Any CPU.Build.0 = Debug|Any CPU
		{99150BBB-4C3A-484C-AF8A-EE4A1A8D70A5}.Debug|Any CPU.Deploy.0 = Debug|Any CPU
		{99150BBB-4C3A-484C-AF8A-EE4A1A8D70A5}.Debug|iPhone.ActiveCfg = Debug|Any CPU
		{99150BBB-4C3A-484C-AF8A-EE4A1A8D70A5}.Debug|iPhone.Build.0 = Debug|Any CPU
		{99150BBB-4C3A-484C-AF8A-EE4A1A8D70A5}.Debug|iPhone.Deploy.0 = Debug|Any CPU
		{99150BBB-4C3A-484C-AF8A-EE4A1A8D70A5}.Debug|iPhoneSimulator.ActiveCfg = Debug|Any CPU
		{99150BBB-4C3A-484C-AF8A-EE4A1A8D70A5}.Debug|iPhoneSimulator.Build.0 = Debug|Any CPU
		{99150BBB-4C3A-484C-AF8A-EE4A1A8D70A5}.Debug|iPhoneSimulator.Deploy.0 = Debug|Any CPU
		{99150BBB-4C3A-484C-AF8A-EE4A1A8D70A5}.Release|Any CPU.ActiveCfg = Release|Any CPU
		{99150BBB-4C3A-484C-AF8A-EE4A1A8D70A5}.Release|Any CPU.Build.0 = Release|Any CPU
		{99150BBB-4C3A-484C-AF8A-EE4A1A8D70A5}.Release|Any CPU.Deploy.0 = Release|Any CPU
		{99150BBB-4C3A-484C-AF8A-EE4A1A8D70A5}.Release|iPhone.ActiveCfg = Release|Any CPU
		{99150BBB-4C3A-484C-AF8A-EE4A1A8D70A5}.Release|iPhone.Build.0 = Release|Any CPU
		{99150BBB-4C3A-484C-AF8A-EE4A1A8D70A5}.Release|iPhone.Deploy.0 = Release|Any CPU
		{99150BBB-4C3A-484C-AF8A-EE4A1A8D70A5}.Release|iPhoneSimulator.ActiveCfg = Release|Any CPU
		{99150BBB-4C3A-484C-AF8A-EE4A1A8D70A5}.Release|iPhoneSimulator.Build.0 = Release|Any CPU
		{99150BBB-4C3A-484C-AF8A-EE4A1A8D70A5}.Release|iPhoneSimulator.Deploy.0 = Release|Any CPU
		{72A98DF2-BDEB-4AD4-848A-D572852FA694}.Ad-Hoc|Any CPU.ActiveCfg = Release|Any CPU
		{72A98DF2-BDEB-4AD4-848A-D572852FA694}.Ad-Hoc|Any CPU.Build.0 = Release|Any CPU
		{72A98DF2-BDEB-4AD4-848A-D572852FA694}.Ad-Hoc|iPhone.ActiveCfg = Release|Any CPU
		{72A98DF2-BDEB-4AD4-848A-D572852FA694}.Ad-Hoc|iPhone.Build.0 = Release|Any CPU
		{72A98DF2-BDEB-4AD4-848A-D572852FA694}.Ad-Hoc|iPhoneSimulator.ActiveCfg = Release|Any CPU
		{72A98DF2-BDEB-4AD4-848A-D572852FA694}.Ad-Hoc|iPhoneSimulator.Build.0 = Release|Any CPU
		{72A98DF2-BDEB-4AD4-848A-D572852FA694}.AppStore|Any CPU.ActiveCfg = Release|Any CPU
		{72A98DF2-BDEB-4AD4-848A-D572852FA694}.AppStore|Any CPU.Build.0 = Release|Any CPU
		{72A98DF2-BDEB-4AD4-848A-D572852FA694}.AppStore|iPhone.ActiveCfg = Release|Any CPU
		{72A98DF2-BDEB-4AD4-848A-D572852FA694}.AppStore|iPhone.Build.0 = Release|Any CPU
		{72A98DF2-BDEB-4AD4-848A-D572852FA694}.AppStore|iPhoneSimulator.ActiveCfg = Release|Any CPU
		{72A98DF2-BDEB-4AD4-848A-D572852FA694}.AppStore|iPhoneSimulator.Build.0 = Release|Any CPU
		{72A98DF2-BDEB-4AD4-848A-D572852FA694}.Debug|Any CPU.ActiveCfg = Debug|Any CPU
		{72A98DF2-BDEB-4AD4-848A-D572852FA694}.Debug|Any CPU.Build.0 = Debug|Any CPU
		{72A98DF2-BDEB-4AD4-848A-D572852FA694}.Debug|iPhone.ActiveCfg = Debug|Any CPU
		{72A98DF2-BDEB-4AD4-848A-D572852FA694}.Debug|iPhone.Build.0 = Debug|Any CPU
		{72A98DF2-BDEB-4AD4-848A-D572852FA694}.Debug|iPhoneSimulator.ActiveCfg = Debug|Any CPU
		{72A98DF2-BDEB-4AD4-848A-D572852FA694}.Debug|iPhoneSimulator.Build.0 = Debug|Any CPU
		{72A98DF2-BDEB-4AD4-848A-D572852FA694}.Release|Any CPU.ActiveCfg = Release|Any CPU
		{72A98DF2-BDEB-4AD4-848A-D572852FA694}.Release|Any CPU.Build.0 = Release|Any CPU
		{72A98DF2-BDEB-4AD4-848A-D572852FA694}.Release|iPhone.ActiveCfg = Release|Any CPU
		{72A98DF2-BDEB-4AD4-848A-D572852FA694}.Release|iPhone.Build.0 = Release|Any CPU
		{72A98DF2-BDEB-4AD4-848A-D572852FA694}.Release|iPhoneSimulator.ActiveCfg = Release|Any CPU
		{72A98DF2-BDEB-4AD4-848A-D572852FA694}.Release|iPhoneSimulator.Build.0 = Release|Any CPU
	EndGlobalSection
	GlobalSection(SolutionProperties) = preSolution
		HideSolutionNode = FALSE
	EndGlobalSection
	GlobalSection(ExtensibilityGlobals) = postSolution
		SolutionGuid = {0CEA54E9-F086-42E8-8A06-6421D3D4C0C4}
	EndGlobalSection
EndGlobal
